
Microsoft Visual Studio Solution File, Format Version 12.00
# Visual Studio Version 17
VisualStudioVersion = 17.8.34408.163
MinimumVisualStudioVersion = 10.0.40219.1
Project("{9A19103F-16F7-4668-BE54-9A1E7A4F7556}") = "KonChargeAPI", "KonChargeAPI\KonChargeAPI.csproj", "{026BF1D1-4D2D-4E0A-BC65-39140BA48585}"
EndProject
Global
	GlobalSection(SolutionConfigurationPlatforms) = preSolution
		Debug|Any CPU = Debug|Any CPU
		Release|Any CPU = Release|Any CPU
	EndGlobalSection
	GlobalSection(ProjectConfigurationPlatforms) = postSolution
		{026BF1D1-4D2D-4E0A-BC65-39140BA48585}.Debug|Any CPU.ActiveCfg = Debug|Any CPU
		{026BF1D1-4D2D-4E0A-BC65-39140BA48585}.Debug|Any CPU.Build.0 = Debug|Any CPU
		{026BF1D1-4D2D-4E0A-BC65-39140BA48585}.Release|Any CPU.ActiveCfg = Release|Any CPU
		{026BF1D1-4D2D-4E0A-BC65-39140BA48585}.Release|Any CPU.Build.0 = Release|Any CPU
	EndGlobalSection
	GlobalSection(SolutionProperties) = preSolution
		HideSolutionNode = FALSE
	EndGlobalSection
	GlobalSection(ExtensibilityGlobals) = postSolution
		SolutionGuid = {4F05D644-E51C-44F4-BCB7-BCD141FA6947}
	EndGlobalSection
EndGlobal
